{
  "name": "shadow-externs-repro",
  "version": "1.0.0",
  "lockfileVersion": 2,
  "requires": true,
  "packages": {
    "": {
      "name": "shadow-externs-repro",
      "version": "1.0.0",
      "license": "ISC",
      "dependencies": {
        "random-module": "file:./random-module"
      }
    },
    "node_modules/random-module": {
      "resolved": "random-module",
      "link": true
    },
    "random-module": {
      "version": "1.0.0",
      "license": "ISC"
    }
  },
  "dependencies": {
    "random-module": {
      "version": "file:random-module"
    }
  }
}
